
Microsoft Visual Studio Solution File, Format Version 12.00
# Visual Studio 15
VisualStudioVersion = 15.0.28010.2048
MinimumVisualStudioVersion = 10.0.40219.1
Project("{2150E333-8FDC-42A3-9474-1A3956D46DE8}") = "WebApi", "WebApi", "{6A19C900-2062-4D1D-BDEB-12B4418402B9}"
EndProject
Project("{FAE04EC0-301F-11D3-BF4B-00C04F79EFBC}") = "SceneListApi", "SceneListApi\SceneListApi.csproj", "{1070993B-ED84-47EE-80A4-DE489C43E6E0}"
EndProject
Global
	GlobalSection(SolutionConfigurationPlatforms) = preSolution
		Debug|Any CPU = Debug|Any CPU
		Release|Any CPU = Release|Any CPU
	EndGlobalSection
	GlobalSection(ProjectConfigurationPlatforms) = postSolution
		{1070993B-ED84-47EE-80A4-DE489C43E6E0}.Debug|Any CPU.ActiveCfg = Debug|Any CPU
		{1070993B-ED84-47EE-80A4-DE489C43E6E0}.Debug|Any CPU.Build.0 = Debug|Any CPU
		{1070993B-ED84-47EE-80A4-DE489C43E6E0}.Release|Any CPU.ActiveCfg = Release|Any CPU
		{1070993B-ED84-47EE-80A4-DE489C43E6E0}.Release|Any CPU.Build.0 = Release|Any CPU
	EndGlobalSection
	GlobalSection(SolutionProperties) = preSolution
		HideSolutionNode = FALSE
	EndGlobalSection
	GlobalSection(NestedProjects) = preSolution
		{1070993B-ED84-47EE-80A4-DE489C43E6E0} = {6A19C900-2062-4D1D-BDEB-12B4418402B9}
	EndGlobalSection
	GlobalSection(ExtensibilityGlobals) = postSolution
		SolutionGuid = {BE2CEDDE-A65F-40A8-A208-DB1C6B37493B}
	EndGlobalSection
EndGlobal
